
Microsoft Visual Studio Solution File, Format Version 12.00
# Visual Studio 15
VisualStudioVersion = 15.0.28307.168
MinimumVisualStudioVersion = 10.0.40219.1
Project("{FAE04EC0-301F-11D3-BF4B-00C04F79EFBC}") = "PruebaAxsis", "PruebaAxsis\PruebaAxsis.csproj", "{49696172-95D5-489B-82A2-BFC82379D95C}"
EndProject
Global
	GlobalSection(SolutionConfigurationPlatforms) = preSolution
		Debug|Any CPU = Debug|Any CPU
		Release|Any CPU = Release|Any CPU
	EndGlobalSection
	GlobalSection(ProjectConfigurationPlatforms) = postSolution
		{49696172-95D5-489B-82A2-BFC82379D95C}.Debug|Any CPU.ActiveCfg = Debug|Any CPU
		{49696172-95D5-489B-82A2-BFC82379D95C}.Debug|Any CPU.Build.0 = Debug|Any CPU
		{49696172-95D5-489B-82A2-BFC82379D95C}.Release|Any CPU.ActiveCfg = Release|Any CPU
		{49696172-95D5-489B-82A2-BFC82379D95C}.Release|Any CPU.Build.0 = Release|Any CPU
	EndGlobalSection
	GlobalSection(SolutionProperties) = preSolution
		HideSolutionNode = FALSE
	EndGlobalSection
	GlobalSection(ExtensibilityGlobals) = postSolution
		SolutionGuid = {821BE9CE-D6F7-4089-95D0-191C973EA84A}
	EndGlobalSection
EndGlobal
